
Microsoft Visual Studio Solution File, Format Version 12.00
# Visual Studio Version 17
VisualStudioVersion = 17.9.34728.123
MinimumVisualStudioVersion = 10.0.40219.1
Project("{FAE04EC0-301F-11D3-BF4B-00C04F79EFBC}") = "AzureServiceBusTopic.Sender", "AzureServiceBusTopic.Sender.csproj", "{E30D24AC-CF2C-4F8E-9190-C9C35FAA523F}"
EndProject
Global
	GlobalSection(SolutionConfigurationPlatforms) = preSolution
		Debug|Any CPU = Debug|Any CPU
		Release|Any CPU = Release|Any CPU
	EndGlobalSection
	GlobalSection(ProjectConfigurationPlatforms) = postSolution
		{E30D24AC-CF2C-4F8E-9190-C9C35FAA523F}.Debug|Any CPU.ActiveCfg = Debug|Any CPU
		{E30D24AC-CF2C-4F8E-9190-C9C35FAA523F}.Debug|Any CPU.Build.0 = Debug|Any CPU
		{E30D24AC-CF2C-4F8E-9190-C9C35FAA523F}.Release|Any CPU.ActiveCfg = Release|Any CPU
		{E30D24AC-CF2C-4F8E-9190-C9C35FAA523F}.Release|Any CPU.Build.0 = Release|Any CPU
	EndGlobalSection
	GlobalSection(SolutionProperties) = preSolution
		HideSolutionNode = FALSE
	EndGlobalSection
	GlobalSection(ExtensibilityGlobals) = postSolution
		SolutionGuid = {B2F4DCD7-ED8B-4D02-B329-880E5B8DADCB}
	EndGlobalSection
EndGlobal
