
Microsoft Visual Studio Solution File, Format Version 12.00
# Visual Studio Version 17
VisualStudioVersion = 17.9.34728.123
MinimumVisualStudioVersion = 10.0.40219.1
Project("{FAE04EC0-301F-11D3-BF4B-00C04F79EFBC}") = "AzureServiceBusTopic.Receiver", "AzureServiceBusTopic.Receiver.csproj", "{CF465F85-18B3-4B97-BB88-D9B6EB74E628}"
EndProject
Global
	GlobalSection(SolutionConfigurationPlatforms) = preSolution
		Debug|Any CPU = Debug|Any CPU
		Release|Any CPU = Release|Any CPU
	EndGlobalSection
	GlobalSection(ProjectConfigurationPlatforms) = postSolution
		{CF465F85-18B3-4B97-BB88-D9B6EB74E628}.Debug|Any CPU.ActiveCfg = Debug|Any CPU
		{CF465F85-18B3-4B97-BB88-D9B6EB74E628}.Debug|Any CPU.Build.0 = Debug|Any CPU
		{CF465F85-18B3-4B97-BB88-D9B6EB74E628}.Release|Any CPU.ActiveCfg = Release|Any CPU
		{CF465F85-18B3-4B97-BB88-D9B6EB74E628}.Release|Any CPU.Build.0 = Release|Any CPU
	EndGlobalSection
	GlobalSection(SolutionProperties) = preSolution
		HideSolutionNode = FALSE
	EndGlobalSection
	GlobalSection(ExtensibilityGlobals) = postSolution
		SolutionGuid = {B7A11692-4361-4CD5-8B13-EE0B3077D880}
	EndGlobalSection
EndGlobal
